{
    "_readme": [
        "This file locks the dependencies of your project to a known state",
        "Read more about it at https://getcomposer.org/doc/01-basic-usage.md#installing-dependencies",
        "This file is @generated automatically"
    ],
    "content-hash": "4329ddaf21fb0dcb2aeca7003b175b1d",
    "packages": [
        {
            "name": "composer/installers",
            "version": "v2.2.0",
            "source": {
                "type": "git",
                "url": "https://github.com/composer/installers.git",
                "reference": "c29dc4b93137acb82734f672c37e029dfbd95b35"
            },
            "dist": {
                "type": "zip",
                "url": "https://api.github.com/repos/composer/installers/zipball/c29dc4b93137acb82734f672c37e029dfbd95b35",
                "reference": "c29dc4b93137acb82734f672c37e029dfbd95b35",
                "shasum": ""
            },
            "require": {
                "composer-plugin-api": "^1.0 || ^2.0",
                "php": "^7.2 || ^8.0"
            },
            "require-dev": {
                "composer/composer": "1.6.* || ^2.0",
                "composer/semver": "^1 || ^3",
                "phpstan/phpstan": "^0.12.55",
                "phpstan/phpstan-phpunit": "^0.12.16",
                "symfony/phpunit-bridge": "^5.3",
                "symfony/process": "^5"
            },
            "type": "composer-plugin",
            "extra": {
                "class": "Composer\\Installers\\Plugin",
                "branch-alias": {
                    "dev-main": "2.x-dev"
                },
                "plugin-modifies-install-path": true
            },
            "autoload": {
                "psr-4": {
                    "Composer\\Installers\\": "src/Composer/Installers"
                }
            },
            "notification-url": "https://packagist.org/downloads/",
            "license": [
                "MIT"
            ],
            "authors": [
                {
                    "name": "Kyle Robinson Young",
                    "email": "kyle@dontkry.com",
                    "homepage": "https://github.com/shama"
                }
            ],
            "description": "A multi-framework Composer library installer",
            "homepage": "https://composer.github.io/installers/",
            "keywords": [
                "Dolibarr",
                "Eliasis",
                "Hurad",
                "ImageCMS",
                "Kanboard",
                "Lan Management System",
                "MODX Evo",
                "MantisBT",
                "Mautic",
                "Maya",
                "OXID",
                "Plentymarkets",
                "Porto",
                "RadPHP",
                "SMF",
                "Starbug",
                "Thelia",
                "Whmcs",
                "WolfCMS",
                "agl",
                "annotatecms",
                "attogram",
                "bitrix",
                "cakephp",
                "chef",
                "cockpit",
                "codeigniter",
                "concrete5",
                "croogo",
                "dokuwiki",
                "drupal",
                "eZ Platform",
                "elgg",
                "expressionengine",
                "fuelphp",
                "grav",
                "installer",
                "itop",
                "known",
                "kohana",
                "laravel",
                "lavalite",
                "lithium",
                "magento",
                "majima",
                "mako",
                "matomo",
                "mediawiki",
                "miaoxing",
                "modulework",
                "modx",
                "moodle",
                "osclass",
                "pantheon",
                "phpbb",
                "piwik",
                "ppi",
                "processwire",
                "puppet",
                "pxcms",
                "reindex",
                "roundcube",
                "shopware",
                "silverstripe",
                "sydes",
                "sylius",
                "tastyigniter",
                "wordpress",
                "yawik",
                "zend",
                "zikula"
            ],
            "support": {
                "issues": "https://github.com/composer/installers/issues",
                "source": "https://github.com/composer/installers/tree/v2.2.0"
            },
            "funding": [
                {
                    "url": "https://packagist.com",
                    "type": "custom"
                },
                {
                    "url": "https://github.com/composer",
                    "type": "github"
                },
                {
                    "url": "https://tidelift.com/funding/github/packagist/composer/composer",
                    "type": "tidelift"
                }
            ],
            "time": "2022-08-20T06:45:11+00:00"
        },
        {
            "name": "johnpbloch/wordpress",
            "version": "6.4.2",
            "source": {
                "type": "git",
                "url": "https://github.com/johnpbloch/wordpress.git",
                "reference": "cea8e15d973a3dc55ea336cb0ceb7aeee4ebd286"
            },
            "dist": {
                "type": "zip",
                "url": "https://api.github.com/repos/johnpbloch/wordpress/zipball/cea8e15d973a3dc55ea336cb0ceb7aeee4ebd286",
                "reference": "cea8e15d973a3dc55ea336cb0ceb7aeee4ebd286",
                "shasum": ""
            },
            "require": {
                "johnpbloch/wordpress-core": "6.4.2",
                "johnpbloch/wordpress-core-installer": "^1.0 || ^2.0",
                "php": ">=7.0.0"
            },
            "type": "package",
            "notification-url": "https://packagist.org/downloads/",
            "license": [
                "GPL-2.0-or-later"
            ],
            "authors": [
                {
                    "name": "WordPress Community",
                    "homepage": "https://wordpress.org/about/"
                }
            ],
            "description": "WordPress is open source software you can use to create a beautiful website, blog, or app.",
            "homepage": "https://wordpress.org/",
            "keywords": [
                "blog",
                "cms",
                "wordpress"
            ],
            "support": {
                "docs": "https://developer.wordpress.org/",
                "forum": "https://wordpress.org/support/",
                "irc": "irc://irc.freenode.net/wordpress",
                "issues": "https://core.trac.wordpress.org/",
                "source": "https://core.trac.wordpress.org/browser"
            },
            "time": "2023-12-06T16:30:48+00:00"
        },
        {
            "name": "johnpbloch/wordpress-core",
            "version": "6.4.2",
            "source": {
                "type": "git",
                "url": "https://github.com/johnpbloch/wordpress-core.git",
                "reference": "00ea636cf89fd17daacbc3862f368a2782267825"
            },
            "dist": {
                "type": "zip",
                "url": "https://api.github.com/repos/johnpbloch/wordpress-core/zipball/00ea636cf89fd17daacbc3862f368a2782267825",
                "reference": "00ea636cf89fd17daacbc3862f368a2782267825",
                "shasum": ""
            },
            "require": {
                "ext-json": "*",
                "php": ">=7.0.0"
            },
            "provide": {
                "wordpress/core-implementation": "6.4.2"
            },
            "type": "wordpress-core",
            "notification-url": "https://packagist.org/downloads/",
            "license": [
                "GPL-2.0-or-later"
            ],
            "authors": [
                {
                    "name": "WordPress Community",
                    "homepage": "https://wordpress.org/about/"
                }
            ],
            "description": "WordPress is open source software you can use to create a beautiful website, blog, or app.",
            "homepage": "https://wordpress.org/",
            "keywords": [
                "blog",
                "cms",
                "wordpress"
            ],
            "support": {
                "forum": "https://wordpress.org/support/",
                "irc": "irc://irc.freenode.net/wordpress",
                "issues": "https://core.trac.wordpress.org/",
                "source": "https://core.trac.wordpress.org/browser",
                "wiki": "https://codex.wordpress.org/"
            },
            "time": "2023-12-06T16:30:44+00:00"
        },
        {
            "name": "johnpbloch/wordpress-core-installer",
            "version": "2.0.0",
            "source": {
                "type": "git",
                "url": "https://github.com/johnpbloch/wordpress-core-installer.git",
                "reference": "237faae9a60a4a2e1d45dce1a5836ffa616de63e"
            },
            "dist": {
                "type": "zip",
                "url": "https://api.github.com/repos/johnpbloch/wordpress-core-installer/zipball/237faae9a60a4a2e1d45dce1a5836ffa616de63e",
                "reference": "237faae9a60a4a2e1d45dce1a5836ffa616de63e",
                "shasum": ""
            },
            "require": {
                "composer-plugin-api": "^1.0 || ^2.0",
                "php": ">=5.6.0"
            },
            "conflict": {
                "composer/installers": "<1.0.6"
            },
            "require-dev": {
                "composer/composer": "^1.0 || ^2.0",
                "phpunit/phpunit": ">=5.7.27"
            },
            "type": "composer-plugin",
            "extra": {
                "class": "johnpbloch\\Composer\\WordPressCorePlugin"
            },
            "autoload": {
                "psr-0": {
                    "johnpbloch\\Composer\\": "src/"
                }
            },
            "notification-url": "https://packagist.org/downloads/",
            "license": [
                "GPL-2.0-or-later"
            ],
            "authors": [
                {
                    "name": "John P. Bloch",
                    "email": "me@johnpbloch.com"
                }
            ],
            "description": "A custom installer to handle deploying WordPress with composer",
            "keywords": [
                "wordpress"
            ],
            "support": {
                "issues": "https://github.com/johnpbloch/wordpress-core-installer/issues",
                "source": "https://github.com/johnpbloch/wordpress-core-installer/tree/master"
            },
            "time": "2020-04-16T21:44:57+00:00"
        },
        {
            "name": "wpackagist-plugin/force-regenerate-thumbnails",
            "version": "2.1.3",
            "source": {
                "type": "svn",
                "url": "https://plugins.svn.wordpress.org/force-regenerate-thumbnails/",
                "reference": "tags/2.1.3"
            },
            "dist": {
                "type": "zip",
                "url": "https://downloads.wordpress.org/plugin/force-regenerate-thumbnails.2.1.3.zip"
            },
            "require": {
                "composer/installers": "^1.0 || ^2.0"
            },
            "type": "wordpress-plugin",
            "homepage": "https://wordpress.org/plugins/force-regenerate-thumbnails/"
        },
        {
            "name": "wpackagist-plugin/loco-translate",
            "version": "2.6.6",
            "source": {
                "type": "svn",
                "url": "https://plugins.svn.wordpress.org/loco-translate/",
                "reference": "tags/2.6.6"
            },
            "dist": {
                "type": "zip",
                "url": "https://downloads.wordpress.org/plugin/loco-translate.2.6.6.zip"
            },
            "require": {
                "composer/installers": "^1.0 || ^2.0"
            },
            "type": "wordpress-plugin",
            "homepage": "https://wordpress.org/plugins/loco-translate/"
        },
        {
            "name": "wpackagist-plugin/loginpress",
            "version": "3.0.5",
            "source": {
                "type": "svn",
                "url": "https://plugins.svn.wordpress.org/loginpress/",
                "reference": "tags/3.0.5"
            },
            "dist": {
                "type": "zip",
                "url": "https://downloads.wordpress.org/plugin/loginpress.3.0.5.zip"
            },
            "require": {
                "composer/installers": "^1.0 || ^2.0"
            },
            "type": "wordpress-plugin",
            "homepage": "https://wordpress.org/plugins/loginpress/"
        },
        {
            "name": "wpackagist-plugin/svg-support",
            "version": "2.5.5",
            "source": {
                "type": "svn",
                "url": "https://plugins.svn.wordpress.org/svg-support/",
                "reference": "tags/2.5.5"
            },
            "dist": {
                "type": "zip",
                "url": "https://downloads.wordpress.org/plugin/svg-support.2.5.5.zip"
            },
            "require": {
                "composer/installers": "^1.0 || ^2.0"
            },
            "type": "wordpress-plugin",
            "homepage": "https://wordpress.org/plugins/svg-support/"
        },
        {
            "name": "wpackagist-plugin/wp-mail-smtp",
            "version": "3.11.0",
            "source": {
                "type": "svn",
                "url": "https://plugins.svn.wordpress.org/wp-mail-smtp/",
                "reference": "tags/3.11.0"
            },
            "dist": {
                "type": "zip",
                "url": "https://downloads.wordpress.org/plugin/wp-mail-smtp.3.11.0.zip"
            },
            "require": {
                "composer/installers": "^1.0 || ^2.0"
            },
            "type": "wordpress-plugin",
            "homepage": "https://wordpress.org/plugins/wp-mail-smtp/"
        }
    ],
    "packages-dev": [
        {
            "name": "cocur/slugify",
            "version": "v4.5.1",
            "source": {
                "type": "git",
                "url": "https://github.com/cocur/slugify.git",
                "reference": "7c6e088228b9f082050876ae8b0cd287b117b840"
            },
            "dist": {
                "type": "zip",
                "url": "https://api.github.com/repos/cocur/slugify/zipball/7c6e088228b9f082050876ae8b0cd287b117b840",
                "reference": "7c6e088228b9f082050876ae8b0cd287b117b840",
                "shasum": ""
            },
            "require": {
                "ext-mbstring": "*",
                "php": "~8.0.0 || ~8.1.0 || ~8.2.0 || ~8.3.0"
            },
            "conflict": {
                "symfony/config": "<3.4 || >=4,<4.3",
                "symfony/dependency-injection": "<3.4 || >=4,<4.3",
                "symfony/http-kernel": "<3.4 || >=4,<4.3",
                "twig/twig": "<2.12.1"
            },
            "require-dev": {
                "laravel/framework": "^5.0|^6.0|^7.0|^8.0",
                "latte/latte": "~2.2",
                "league/container": "^2.2.0",
                "mikey179/vfsstream": "~1.6.8",
                "mockery/mockery": "^1.3",
                "nette/di": "~2.4",
                "pimple/pimple": "~1.1",
                "plumphp/plum": "~0.1",
                "symfony/config": "^3.4 || ^4.3 || ^5.0 || ^6.0",
                "symfony/dependency-injection": "^3.4 || ^4.3 || ^5.0 || ^6.0",
                "symfony/http-kernel": "^3.4 || ^4.3 || ^5.0 || ^6.0",
                "symfony/phpunit-bridge": "^5.4 || ^6.0",
                "twig/twig": "^2.12.1 || ~3.0",
                "zendframework/zend-modulemanager": "~2.2",
                "zendframework/zend-servicemanager": "~2.2",
                "zendframework/zend-view": "~2.2"
            },
            "type": "library",
            "autoload": {
                "psr-4": {
                    "Cocur\\Slugify\\": "src"
                }
            },
            "notification-url": "https://packagist.org/downloads/",
            "license": [
                "MIT"
            ],
            "authors": [
                {
                    "name": "Florian Eckerstorfer",
                    "email": "florian@eckerstorfer.co",
                    "homepage": "https://florian.ec"
                },
                {
                    "name": "Ivo Bathke",
                    "email": "ivo.bathke@gmail.com"
                }
            ],
            "description": "Converts a string into a slug.",
            "keywords": [
                "slug",
                "slugify"
            ],
            "support": {
                "issues": "https://github.com/cocur/slugify/issues",
                "source": "https://github.com/cocur/slugify/tree/v4.5.1"
            },
            "time": "2023-09-17T07:26:20+00:00"
        },
        {
            "name": "psr/container",
            "version": "1.1.2",
            "source": {
                "type": "git",
                "url": "https://github.com/php-fig/container.git",
                "reference": "513e0666f7216c7459170d56df27dfcefe1689ea"
            },
            "dist": {
                "type": "zip",
                "url": "https://api.github.com/repos/php-fig/container/zipball/513e0666f7216c7459170d56df27dfcefe1689ea",
                "reference": "513e0666f7216c7459170d56df27dfcefe1689ea",
                "shasum": ""
            },
            "require": {
                "php": ">=7.4.0"
            },
            "type": "library",
            "autoload": {
                "psr-4": {
                    "Psr\\Container\\": "src/"
                }
            },
            "notification-url": "https://packagist.org/downloads/",
            "license": [
                "MIT"
            ],
            "authors": [
                {
                    "name": "PHP-FIG",
                    "homepage": "https://www.php-fig.org/"
                }
            ],
            "description": "Common Container Interface (PHP FIG PSR-11)",
            "homepage": "https://github.com/php-fig/container",
            "keywords": [
                "PSR-11",
                "container",
                "container-interface",
                "container-interop",
                "psr"
            ],
            "support": {
                "issues": "https://github.com/php-fig/container/issues",
                "source": "https://github.com/php-fig/container/tree/1.1.2"
            },
            "time": "2021-11-05T16:50:12+00:00"
        },
        {
            "name": "symfony/console",
            "version": "v4.4.49",
            "source": {
                "type": "git",
                "url": "https://github.com/symfony/console.git",
                "reference": "33fa45ffc81fdcc1ca368d4946da859c8cdb58d9"
            },
            "dist": {
                "type": "zip",
                "url": "https://api.github.com/repos/symfony/console/zipball/33fa45ffc81fdcc1ca368d4946da859c8cdb58d9",
                "reference": "33fa45ffc81fdcc1ca368d4946da859c8cdb58d9",
                "shasum": ""
            },
            "require": {
                "php": ">=7.1.3",
                "symfony/polyfill-mbstring": "~1.0",
                "symfony/polyfill-php73": "^1.8",
                "symfony/polyfill-php80": "^1.16",
                "symfony/service-contracts": "^1.1|^2"
            },
            "conflict": {
                "psr/log": ">=3",
                "symfony/dependency-injection": "<3.4",
                "symfony/event-dispatcher": "<4.3|>=5",
                "symfony/lock": "<4.4",
                "symfony/process": "<3.3"
            },
            "provide": {
                "psr/log-implementation": "1.0|2.0"
            },
            "require-dev": {
                "psr/log": "^1|^2",
                "symfony/config": "^3.4|^4.0|^5.0",
                "symfony/dependency-injection": "^3.4|^4.0|^5.0",
                "symfony/event-dispatcher": "^4.3",
                "symfony/lock": "^4.4|^5.0",
                "symfony/process": "^3.4|^4.0|^5.0",
                "symfony/var-dumper": "^4.3|^5.0"
            },
            "suggest": {
                "psr/log": "For using the console logger",
                "symfony/event-dispatcher": "",
                "symfony/lock": "",
                "symfony/process": ""
            },
            "type": "library",
            "autoload": {
                "psr-4": {
                    "Symfony\\Component\\Console\\": ""
                },
                "exclude-from-classmap": [
                    "/Tests/"
                ]
            },
            "notification-url": "https://packagist.org/downloads/",
            "license": [
                "MIT"
            ],
            "authors": [
                {
                    "name": "Fabien Potencier",
                    "email": "fabien@symfony.com"
                },
                {
                    "name": "Symfony Community",
                    "homepage": "https://symfony.com/contributors"
                }
            ],
            "description": "Eases the creation of beautiful and testable command line interfaces",
            "homepage": "https://symfony.com",
            "support": {
                "source": "https://github.com/symfony/console/tree/v4.4.49"
            },
            "funding": [
                {
                    "url": "https://symfony.com/sponsor",
                    "type": "custom"
                },
                {
                    "url": "https://github.com/fabpot",
                    "type": "github"
                },
                {
                    "url": "https://tidelift.com/funding/github/packagist/symfony/symfony",
                    "type": "tidelift"
                }
            ],
            "time": "2022-11-05T17:10:16+00:00"
        },
        {
            "name": "symfony/deprecation-contracts",
            "version": "v3.4.0",
            "source": {
                "type": "git",
                "url": "https://github.com/symfony/deprecation-contracts.git",
                "reference": "7c3aff79d10325257a001fcf92d991f24fc967cf"
            },
            "dist": {
                "type": "zip",
                "url": "https://api.github.com/repos/symfony/deprecation-contracts/zipball/7c3aff79d10325257a001fcf92d991f24fc967cf",
                "reference": "7c3aff79d10325257a001fcf92d991f24fc967cf",
                "shasum": ""
            },
            "require": {
                "php": ">=8.1"
            },
            "type": "library",
            "extra": {
                "branch-alias": {
                    "dev-main": "3.4-dev"
                },
                "thanks": {
                    "name": "symfony/contracts",
                    "url": "https://github.com/symfony/contracts"
                }
            },
            "autoload": {
                "files": [
                    "function.php"
                ]
            },
            "notification-url": "https://packagist.org/downloads/",
            "license": [
                "MIT"
            ],
            "authors": [
                {
                    "name": "Nicolas Grekas",
                    "email": "p@tchwork.com"
                },
                {
                    "name": "Symfony Community",
                    "homepage": "https://symfony.com/contributors"
                }
            ],
            "description": "A generic function and convention to trigger deprecation notices",
            "homepage": "https://symfony.com",
            "support": {
                "source": "https://github.com/symfony/deprecation-contracts/tree/v3.4.0"
            },
            "funding": [
                {
                    "url": "https://symfony.com/sponsor",
                    "type": "custom"
                },
                {
                    "url": "https://github.com/fabpot",
                    "type": "github"
                },
                {
                    "url": "https://tidelift.com/funding/github/packagist/symfony/symfony",
                    "type": "tidelift"
                }
            ],
            "time": "2023-05-23T14:45:45+00:00"
        },
        {
            "name": "symfony/filesystem",
            "version": "v4.4.42",
            "source": {
                "type": "git",
                "url": "https://github.com/symfony/filesystem.git",
                "reference": "815412ee8971209bd4c1eecd5f4f481eacd44bf5"
            },
            "dist": {
                "type": "zip",
                "url": "https://api.github.com/repos/symfony/filesystem/zipball/815412ee8971209bd4c1eecd5f4f481eacd44bf5",
                "reference": "815412ee8971209bd4c1eecd5f4f481eacd44bf5",
                "shasum": ""
            },
            "require": {
                "php": ">=7.1.3",
                "symfony/polyfill-ctype": "~1.8",
                "symfony/polyfill-php80": "^1.16"
            },
            "type": "library",
            "autoload": {
                "psr-4": {
                    "Symfony\\Component\\Filesystem\\": ""
                },
                "exclude-from-classmap": [
                    "/Tests/"
                ]
            },
            "notification-url": "https://packagist.org/downloads/",
            "license": [
                "MIT"
            ],
            "authors": [
                {
                    "name": "Fabien Potencier",
                    "email": "fabien@symfony.com"
                },
                {
                    "name": "Symfony Community",
                    "homepage": "https://symfony.com/contributors"
                }
            ],
            "description": "Provides basic utilities for the filesystem",
            "homepage": "https://symfony.com",
            "support": {
                "source": "https://github.com/symfony/filesystem/tree/v4.4.42"
            },
            "funding": [
                {
                    "url": "https://symfony.com/sponsor",
                    "type": "custom"
                },
                {
                    "url": "https://github.com/fabpot",
                    "type": "github"
                },
                {
                    "url": "https://tidelift.com/funding/github/packagist/symfony/symfony",
                    "type": "tidelift"
                }
            ],
            "time": "2022-05-20T08:49:14+00:00"
        },
        {
            "name": "symfony/finder",
            "version": "v4.4.44",
            "source": {
                "type": "git",
                "url": "https://github.com/symfony/finder.git",
                "reference": "66bd787edb5e42ff59d3523f623895af05043e4f"
            },
            "dist": {
                "type": "zip",
                "url": "https://api.github.com/repos/symfony/finder/zipball/66bd787edb5e42ff59d3523f623895af05043e4f",
                "reference": "66bd787edb5e42ff59d3523f623895af05043e4f",
                "shasum": ""
            },
            "require": {
                "php": ">=7.1.3",
                "symfony/polyfill-php80": "^1.16"
            },
            "type": "library",
            "autoload": {
                "psr-4": {
                    "Symfony\\Component\\Finder\\": ""
                },
                "exclude-from-classmap": [
                    "/Tests/"
                ]
            },
            "notification-url": "https://packagist.org/downloads/",
            "license": [
                "MIT"
            ],
            "authors": [
                {
                    "name": "Fabien Potencier",
                    "email": "fabien@symfony.com"
                },
                {
                    "name": "Symfony Community",
                    "homepage": "https://symfony.com/contributors"
                }
            ],
            "description": "Finds files and directories via an intuitive fluent interface",
            "homepage": "https://symfony.com",
            "support": {
                "source": "https://github.com/symfony/finder/tree/v4.4.44"
            },
            "funding": [
                {
                    "url": "https://symfony.com/sponsor",
                    "type": "custom"
                },
                {
                    "url": "https://github.com/fabpot",
                    "type": "github"
                },
                {
                    "url": "https://tidelift.com/funding/github/packagist/symfony/symfony",
                    "type": "tidelift"
                }
            ],
            "time": "2022-07-29T07:35:46+00:00"
        },
        {
            "name": "symfony/polyfill-ctype",
            "version": "v1.28.0",
            "source": {
                "type": "git",
                "url": "https://github.com/symfony/polyfill-ctype.git",
                "reference": "ea208ce43cbb04af6867b4fdddb1bdbf84cc28cb"
            },
            "dist": {
                "type": "zip",
                "url": "https://api.github.com/repos/symfony/polyfill-ctype/zipball/ea208ce43cbb04af6867b4fdddb1bdbf84cc28cb",
                "reference": "ea208ce43cbb04af6867b4fdddb1bdbf84cc28cb",
                "shasum": ""
            },
            "require": {
                "php": ">=7.1"
            },
            "provide": {
                "ext-ctype": "*"
            },
            "suggest": {
                "ext-ctype": "For best performance"
            },
            "type": "library",
            "extra": {
                "branch-alias": {
                    "dev-main": "1.28-dev"
                },
                "thanks": {
                    "name": "symfony/polyfill",
                    "url": "https://github.com/symfony/polyfill"
                }
            },
            "autoload": {
                "files": [
                    "bootstrap.php"
                ],
                "psr-4": {
                    "Symfony\\Polyfill\\Ctype\\": ""
                }
            },
            "notification-url": "https://packagist.org/downloads/",
            "license": [
                "MIT"
            ],
            "authors": [
                {
                    "name": "Gert de Pagter",
                    "email": "BackEndTea@gmail.com"
                },
                {
                    "name": "Symfony Community",
                    "homepage": "https://symfony.com/contributors"
                }
            ],
            "description": "Symfony polyfill for ctype functions",
            "homepage": "https://symfony.com",
            "keywords": [
                "compatibility",
                "ctype",
                "polyfill",
                "portable"
            ],
            "support": {
                "source": "https://github.com/symfony/polyfill-ctype/tree/v1.28.0"
            },
            "funding": [
                {
                    "url": "https://symfony.com/sponsor",
                    "type": "custom"
                },
                {
                    "url": "https://github.com/fabpot",
                    "type": "github"
                },
                {
                    "url": "https://tidelift.com/funding/github/packagist/symfony/symfony",
                    "type": "tidelift"
                }
            ],
            "time": "2023-01-26T09:26:14+00:00"
        },
        {
            "name": "symfony/polyfill-mbstring",
            "version": "v1.28.0",
            "source": {
                "type": "git",
                "url": "https://github.com/symfony/polyfill-mbstring.git",
                "reference": "42292d99c55abe617799667f454222c54c60e229"
            },
            "dist": {
                "type": "zip",
                "url": "https://api.github.com/repos/symfony/polyfill-mbstring/zipball/42292d99c55abe617799667f454222c54c60e229",
                "reference": "42292d99c55abe617799667f454222c54c60e229",
                "shasum": ""
            },
            "require": {
                "php": ">=7.1"
            },
            "provide": {
                "ext-mbstring": "*"
            },
            "suggest": {
                "ext-mbstring": "For best performance"
            },
            "type": "library",
            "extra": {
                "branch-alias": {
                    "dev-main": "1.28-dev"
                },
                "thanks": {
                    "name": "symfony/polyfill",
                    "url": "https://github.com/symfony/polyfill"
                }
            },
            "autoload": {
                "files": [
                    "bootstrap.php"
                ],
                "psr-4": {
                    "Symfony\\Polyfill\\Mbstring\\": ""
                }
            },
            "notification-url": "https://packagist.org/downloads/",
            "license": [
                "MIT"
            ],
            "authors": [
                {
                    "name": "Nicolas Grekas",
                    "email": "p@tchwork.com"
                },
                {
                    "name": "Symfony Community",
                    "homepage": "https://symfony.com/contributors"
                }
            ],
            "description": "Symfony polyfill for the Mbstring extension",
            "homepage": "https://symfony.com",
            "keywords": [
                "compatibility",
                "mbstring",
                "polyfill",
                "portable",
                "shim"
            ],
            "support": {
                "source": "https://github.com/symfony/polyfill-mbstring/tree/v1.28.0"
            },
            "funding": [
                {
                    "url": "https://symfony.com/sponsor",
                    "type": "custom"
                },
                {
                    "url": "https://github.com/fabpot",
                    "type": "github"
                },
                {
                    "url": "https://tidelift.com/funding/github/packagist/symfony/symfony",
                    "type": "tidelift"
                }
            ],
            "time": "2023-07-28T09:04:16+00:00"
        },
        {
            "name": "symfony/polyfill-php73",
            "version": "v1.28.0",
            "source": {
                "type": "git",
                "url": "https://github.com/symfony/polyfill-php73.git",
                "reference": "fe2f306d1d9d346a7fee353d0d5012e401e984b5"
            },
            "dist": {
                "type": "zip",
                "url": "https://api.github.com/repos/symfony/polyfill-php73/zipball/fe2f306d1d9d346a7fee353d0d5012e401e984b5",
                "reference": "fe2f306d1d9d346a7fee353d0d5012e401e984b5",
                "shasum": ""
            },
            "require": {
                "php": ">=7.1"
            },
            "type": "library",
            "extra": {
                "branch-alias": {
                    "dev-main": "1.28-dev"
                },
                "thanks": {
                    "name": "symfony/polyfill",
                    "url": "https://github.com/symfony/polyfill"
                }
            },
            "autoload": {
                "files": [
                    "bootstrap.php"
                ],
                "psr-4": {
                    "Symfony\\Polyfill\\Php73\\": ""
                },
                "classmap": [
                    "Resources/stubs"
                ]
            },
            "notification-url": "https://packagist.org/downloads/",
            "license": [
                "MIT"
            ],
            "authors": [
                {
                    "name": "Nicolas Grekas",
                    "email": "p@tchwork.com"
                },
                {
                    "name": "Symfony Community",
                    "homepage": "https://symfony.com/contributors"
                }
            ],
            "description": "Symfony polyfill backporting some PHP 7.3+ features to lower PHP versions",
            "homepage": "https://symfony.com",
            "keywords": [
                "compatibility",
                "polyfill",
                "portable",
                "shim"
            ],
            "support": {
                "source": "https://github.com/symfony/polyfill-php73/tree/v1.28.0"
            },
            "funding": [
                {
                    "url": "https://symfony.com/sponsor",
                    "type": "custom"
                },
                {
                    "url": "https://github.com/fabpot",
                    "type": "github"
                },
                {
                    "url": "https://tidelift.com/funding/github/packagist/symfony/symfony",
                    "type": "tidelift"
                }
            ],
            "time": "2023-01-26T09:26:14+00:00"
        },
        {
            "name": "symfony/polyfill-php80",
            "version": "v1.28.0",
            "source": {
                "type": "git",
                "url": "https://github.com/symfony/polyfill-php80.git",
                "reference": "6caa57379c4aec19c0a12a38b59b26487dcfe4b5"
            },
            "dist": {
                "type": "zip",
                "url": "https://api.github.com/repos/symfony/polyfill-php80/zipball/6caa57379c4aec19c0a12a38b59b26487dcfe4b5",
                "reference": "6caa57379c4aec19c0a12a38b59b26487dcfe4b5",
                "shasum": ""
            },
            "require": {
                "php": ">=7.1"
            },
            "type": "library",
            "extra": {
                "branch-alias": {
                    "dev-main": "1.28-dev"
                },
                "thanks": {
                    "name": "symfony/polyfill",
                    "url": "https://github.com/symfony/polyfill"
                }
            },
            "autoload": {
                "files": [
                    "bootstrap.php"
                ],
                "psr-4": {
                    "Symfony\\Polyfill\\Php80\\": ""
                },
                "classmap": [
                    "Resources/stubs"
                ]
            },
            "notification-url": "https://packagist.org/downloads/",
            "license": [
                "MIT"
            ],
            "authors": [
                {
                    "name": "Ion Bazan",
                    "email": "ion.bazan@gmail.com"
                },
                {
                    "name": "Nicolas Grekas",
                    "email": "p@tchwork.com"
                },
                {
                    "name": "Symfony Community",
                    "homepage": "https://symfony.com/contributors"
                }
            ],
            "description": "Symfony polyfill backporting some PHP 8.0+ features to lower PHP versions",
            "homepage": "https://symfony.com",
            "keywords": [
                "compatibility",
                "polyfill",
                "portable",
                "shim"
            ],
            "support": {
                "source": "https://github.com/symfony/polyfill-php80/tree/v1.28.0"
            },
            "funding": [
                {
                    "url": "https://symfony.com/sponsor",
                    "type": "custom"
                },
                {
                    "url": "https://github.com/fabpot",
                    "type": "github"
                },
                {
                    "url": "https://tidelift.com/funding/github/packagist/symfony/symfony",
                    "type": "tidelift"
                }
            ],
            "time": "2023-01-26T09:26:14+00:00"
        },
        {
            "name": "symfony/process",
            "version": "v4.4.44",
            "source": {
                "type": "git",
                "url": "https://github.com/symfony/process.git",
                "reference": "5cee9cdc4f7805e2699d9fd66991a0e6df8252a2"
            },
            "dist": {
                "type": "zip",
                "url": "https://api.github.com/repos/symfony/process/zipball/5cee9cdc4f7805e2699d9fd66991a0e6df8252a2",
                "reference": "5cee9cdc4f7805e2699d9fd66991a0e6df8252a2",
                "shasum": ""
            },
            "require": {
                "php": ">=7.1.3",
                "symfony/polyfill-php80": "^1.16"
            },
            "type": "library",
            "autoload": {
                "psr-4": {
                    "Symfony\\Component\\Process\\": ""
                },
                "exclude-from-classmap": [
                    "/Tests/"
                ]
            },
            "notification-url": "https://packagist.org/downloads/",
            "license": [
                "MIT"
            ],
            "authors": [
                {
                    "name": "Fabien Potencier",
                    "email": "fabien@symfony.com"
                },
                {
                    "name": "Symfony Community",
                    "homepage": "https://symfony.com/contributors"
                }
            ],
            "description": "Executes commands in sub-processes",
            "homepage": "https://symfony.com",
            "support": {
                "source": "https://github.com/symfony/process/tree/v4.4.44"
            },
            "funding": [
                {
                    "url": "https://symfony.com/sponsor",
                    "type": "custom"
                },
                {
                    "url": "https://github.com/fabpot",
                    "type": "github"
                },
                {
                    "url": "https://tidelift.com/funding/github/packagist/symfony/symfony",
                    "type": "tidelift"
                }
            ],
            "time": "2022-06-27T13:16:42+00:00"
        },
        {
            "name": "symfony/service-contracts",
            "version": "v2.5.2",
            "source": {
                "type": "git",
                "url": "https://github.com/symfony/service-contracts.git",
                "reference": "4b426aac47d6427cc1a1d0f7e2ac724627f5966c"
            },
            "dist": {
                "type": "zip",
                "url": "https://api.github.com/repos/symfony/service-contracts/zipball/4b426aac47d6427cc1a1d0f7e2ac724627f5966c",
                "reference": "4b426aac47d6427cc1a1d0f7e2ac724627f5966c",
                "shasum": ""
            },
            "require": {
                "php": ">=7.2.5",
                "psr/container": "^1.1",
                "symfony/deprecation-contracts": "^2.1|^3"
            },
            "conflict": {
                "ext-psr": "<1.1|>=2"
            },
            "suggest": {
                "symfony/service-implementation": ""
            },
            "type": "library",
            "extra": {
                "branch-alias": {
                    "dev-main": "2.5-dev"
                },
                "thanks": {
                    "name": "symfony/contracts",
                    "url": "https://github.com/symfony/contracts"
                }
            },
            "autoload": {
                "psr-4": {
                    "Symfony\\Contracts\\Service\\": ""
                }
            },
            "notification-url": "https://packagist.org/downloads/",
            "license": [
                "MIT"
            ],
            "authors": [
                {
                    "name": "Nicolas Grekas",
                    "email": "p@tchwork.com"
                },
                {
                    "name": "Symfony Community",
                    "homepage": "https://symfony.com/contributors"
                }
            ],
            "description": "Generic abstractions related to writing services",
            "homepage": "https://symfony.com",
            "keywords": [
                "abstractions",
                "contracts",
                "decoupling",
                "interfaces",
                "interoperability",
                "standards"
            ],
            "support": {
                "source": "https://github.com/symfony/service-contracts/tree/v2.5.2"
            },
            "funding": [
                {
                    "url": "https://symfony.com/sponsor",
                    "type": "custom"
                },
                {
                    "url": "https://github.com/fabpot",
                    "type": "github"
                },
                {
                    "url": "https://tidelift.com/funding/github/packagist/symfony/symfony",
                    "type": "tidelift"
                }
            ],
            "time": "2022-05-30T19:17:29+00:00"
        }
    ],
    "aliases": [],
    "minimum-stability": "stable",
    "stability-flags": [],
    "prefer-stable": false,
    "prefer-lowest": false,
    "platform": {
        "php": ">=7.3"
    },
    "platform-dev": [],
    "plugin-api-version": "2.3.0"
}
